
Microsoft Visual Studio Solution File, Format Version 12.00
# Visual Studio Version 17
VisualStudioVersion = 17.5.33530.505
MinimumVisualStudioVersion = 10.0.40219.1
Project("{FAE04EC0-301F-11D3-BF4B-00C04F79EFBC}") = "AlgoritmaGaris_Bresenham", "AlgoritmaGaris_Bresenham\AlgoritmaGaris_Bresenham.csproj", "{BECA8CE8-B3CA-46F3-8450-E424313D2314}"
EndProject
Global
	GlobalSection(SolutionConfigurationPlatforms) = preSolution
		Debug|Any CPU = Debug|Any CPU
		Release|Any CPU = Release|Any CPU
	EndGlobalSection
	GlobalSection(ProjectConfigurationPlatforms) = postSolution
		{BECA8CE8-B3CA-46F3-8450-E424313D2314}.Debug|Any CPU.ActiveCfg = Debug|Any CPU
		{BECA8CE8-B3CA-46F3-8450-E424313D2314}.Debug|Any CPU.Build.0 = Debug|Any CPU
		{BECA8CE8-B3CA-46F3-8450-E424313D2314}.Release|Any CPU.ActiveCfg = Release|Any CPU
		{BECA8CE8-B3CA-46F3-8450-E424313D2314}.Release|Any CPU.Build.0 = Release|Any CPU
	EndGlobalSection
	GlobalSection(SolutionProperties) = preSolution
		HideSolutionNode = FALSE
	EndGlobalSection
	GlobalSection(ExtensibilityGlobals) = postSolution
		SolutionGuid = {A037A785-5B3A-4356-8399-226CC961A44D}
	EndGlobalSection
EndGlobal
